// !$*UTF8*$!
{
	archiveVersion = 1;
	classes = {
	};
	objectVersion = 56;
	objects = {

/* Begin PBXBuildFile section */
		CDC9D8502C8F3F9000BD194A /* AppDelegate.swift in Sources */ = {isa = PBXBuildFile; fileRef = CDC9D84F2C8F3F9000BD194A /* AppDelegate.swift */; };
		CDC9D8522C8F3F9000BD194A /* SceneDelegate.swift in Sources */ = {isa = PBXBuildFile; fileRef = CDC9D8512C8F3F9000BD194A /* SceneDelegate.swift */; };
		CDC9D8542C8F3F9000BD194A /* ViewController.swift in Sources */ = {isa = PBXBuildFile; fileRef = CDC9D8532C8F3F9000BD194A /* ViewController.swift */; };
		CDC9D8572C8F3F9000BD194A /* Base in Resources */ = {isa = PBXBuildFile; fileRef = CDC9D8562C8F3F9000BD194A /* Base */; };
		CDC9D8592C8F3F9200BD194A /* Assets.xcassets in Resources */ = {isa = PBXBuildFile; fileRef = CDC9D8582C8F3F9200BD194A /* Assets.xcassets */; };
		CDC9D85C2C8F3F9200BD194A /* Base in Resources */ = {isa = PBXBuildFile; fileRef = CDC9D85B2C8F3F9200BD194A /* Base */; };
		CDCD6FC12C9055860052C08B /* SearchViewController.swift in Sources */ = {isa = PBXBuildFile; fileRef = CDCD6FC02C9055860052C08B /* SearchViewController.swift */; };
		CDCD6FC32C9055970052C08B /* DetailViewController.swift in Sources */ = {isa = PBXBuildFile; fileRef = CDCD6FC22C9055970052C08B /* DetailViewController.swift */; };
		CDCD6FC52C9055A40052C08B /* UnsplashAPI.swift in Sources */ = {isa = PBXBuildFile; fileRef = CDCD6FC42C9055A40052C08B /* UnsplashAPI.swift */; };
		CDCD6FC92C921C460052C08B /* MovieCellView.swift in Sources */ = {isa = PBXBuildFile; fileRef = CDCD6FC82C921C460052C08B /* MovieCellView.swift */; };
		CDCD6FCD2C921CBB0052C08B /* MovieDetailsViewController.swift in Sources */ = {isa = PBXBuildFile; fileRef = CDCD6FCC2C921CBB0052C08B /* MovieDetailsViewController.swift */; };
/* End PBXBuildFile section */

/* Begin PBXFileReference section */
		CDC9D84C2C8F3F9000BD194A /* TestTaskAvitoUIKit.app */ = {isa = PBXFileReference; explicitFileType = wrapper.application; includeInIndex = 0; path = TestTaskAvitoUIKit.app; sourceTree = BUILT_PRODUCTS_DIR; };
		CDC9D84F2C8F3F9000BD194A /* AppDelegate.swift */ = {isa = PBXFileReference; lastKnownFileType = sourcecode.swift; path = AppDelegate.swift; sourceTree = "<group>"; };
		CDC9D8512C8F3F9000BD194A /* SceneDelegate.swift */ = {isa = PBXFileReference; lastKnownFileType = sourcecode.swift; path = SceneDelegate.swift; sourceTree = "<group>"; };
		CDC9D8532C8F3F9000BD194A /* ViewController.swift */ = {isa = PBXFileReference; lastKnownFileType = sourcecode.swift; path = ViewController.swift; sourceTree = "<group>"; };
		CDC9D8562C8F3F9000BD194A /* Base */ = {isa = PBXFileReference; lastKnownFileType = file.storyboard; name = Base; path = Base.lproj/Main.storyboard; sourceTree = "<group>"; };
		CDC9D8582C8F3F9200BD194A /* Assets.xcassets */ = {isa = PBXFileReference; lastKnownFileType = folder.assetcatalog; path = Assets.xcassets; sourceTree = "<group>"; };
		CDC9D85B2C8F3F9200BD194A /* Base */ = {isa = PBXFileReference; lastKnownFileType = file.storyboard; name = Base; path = Base.lproj/LaunchScreen.storyboard; sourceTree = "<group>"; };
		CDC9D85D2C8F3F9200BD194A /* Info.plist */ = {isa = PBXFileReference; lastKnownFileType = text.plist.xml; path = Info.plist; sourceTree = "<group>"; };
		CDCD6FC02C9055860052C08B /* SearchViewController.swift */ = {isa = PBXFileReference; lastKnownFileType = sourcecode.swift; path = SearchViewController.swift; sourceTree = "<group>"; };
		CDCD6FC22C9055970052C08B /* DetailViewController.swift */ = {isa = PBXFileReference; lastKnownFileType = sourcecode.swift; path = DetailViewController.swift; sourceTree = "<group>"; };
		CDCD6FC42C9055A40052C08B /* UnsplashAPI.swift */ = {isa = PBXFileReference; lastKnownFileType = sourcecode.swift; path = UnsplashAPI.swift; sourceTree = "<group>"; };
		CDCD6FC82C921C460052C08B /* MovieCellView.swift */ = {isa = PBXFileReference; lastKnownFileType = sourcecode.swift; path = MovieCellView.swift; sourceTree = "<group>"; };
		CDCD6FCC2C921CBB0052C08B /* MovieDetailsViewController.swift */ = {isa = PBXFileReference; lastKnownFileType = sourcecode.swift; path = MovieDetailsViewController.swift; sourceTree = "<group>"; };
/* End PBXFileReference section */

/* Begin PBXFrameworksBuildPhase section */
		CDC9D8492C8F3F9000BD194A /* Frameworks */ = {
			isa = PBXFrameworksBuildPhase;
			buildActionMask = 2147483647;
			files = (
			);
			runOnlyForDeploymentPostprocessing = 0;
		};
/* End PBXFrameworksBuildPhase section */

/* Begin PBXGroup section */
		CDC9D8432C8F3F9000BD194A = {
			isa = PBXGroup;
			children = (
				CDC9D84E2C8F3F9000BD194A /* TestTaskAvitoUIKit */,
				CDC9D84D2C8F3F9000BD194A /* Products */,
			);
			sourceTree = "<group>";
		};
		CDC9D84D2C8F3F9000BD194A /* Products */ = {
			isa = PBXGroup;
			children = (
				CDC9D84C2C8F3F9000BD194A /* TestTaskAvitoUIKit.app */,
			);
			name = Products;
			sourceTree = "<group>";
		};
		CDC9D84E2C8F3F9000BD194A /* TestTaskAvitoUIKit */ = {
			isa = PBXGroup;
			children = (
				CDC9D84F2C8F3F9000BD194A /* AppDelegate.swift */,
				CDC9D8512C8F3F9000BD194A /* SceneDelegate.swift */,
				CDC9D8532C8F3F9000BD194A /* ViewController.swift */,
				CDCD6FC02C9055860052C08B /* SearchViewController.swift */,
				CDCD6FCC2C921CBB0052C08B /* MovieDetailsViewController.swift */,
				CDCD6FC82C921C460052C08B /* MovieCellView.swift */,
				CDCD6FC22C9055970052C08B /* DetailViewController.swift */,
				CDCD6FC42C9055A40052C08B /* UnsplashAPI.swift */,
				CDC9D8552C8F3F9000BD194A /* Main.storyboard */,
				CDC9D8582C8F3F9200BD194A /* Assets.xcassets */,
				CDC9D85A2C8F3F9200BD194A /* LaunchScreen.storyboard */,
				CDC9D85D2C8F3F9200BD194A /* Info.plist */,
			);
			path = TestTaskAvitoUIKit;
			sourceTree = "<group>";
		};
/* End PBXGroup section */

/* Begin PBXNativeTarget section */
		CDC9D84B2C8F3F9000BD194A /* TestTaskAvitoUIKit */ = {
			isa = PBXNativeTarget;
			buildConfigurationList = CDC9D8602C8F3F9200BD194A /* Build configuration list for PBXNativeTarget "TestTaskAvitoUIKit" */;
			buildPhases = (
				CDC9D8482C8F3F9000BD194A /* Sources */,
				CDC9D8492C8F3F9000BD194A /* Frameworks */,
				CDC9D84A2C8F3F9000BD194A /* Resources */,
			);
			buildRules = (
			);
			dependencies = (
			);
			name = TestTaskAvitoUIKit;
			productName = TestTaskAvitoUIKit;
			productReference = CDC9D84C2C8F3F9000BD194A /* TestTaskAvitoUIKit.app */;
			productType = "com.apple.product-type.application";
		};
/* End PBXNativeTarget section */

/* Begin PBXProject section */
		CDC9D8442C8F3F9000BD194A /* Project object */ = {
			isa = PBXProject;
			attributes = {
				BuildIndependentTargetsInParallel = 1;
				LastSwiftUpdateCheck = 1530;
				LastUpgradeCheck = 1530;
				TargetAttributes = {
					CDC9D84B2C8F3F9000BD194A = {
						CreatedOnToolsVersion = 15.3;
					};
				};
			};
			buildConfigurationList = CDC9D8472C8F3F9000BD194A /* Build configuration list for PBXProject "TestTaskAvitoUIKit" */;
			compatibilityVersion = "Xcode 14.0";
			developmentRegion = en;
			hasScannedForEncodings = 0;
			knownRegions = (
				en,
				Base,
			);
			mainGroup = CDC9D8432C8F3F9000BD194A;
			productRefGroup = CDC9D84D2C8F3F9000BD194A /* Products */;
			projectDirPath = "";
			projectRoot = "";
			targets = (
				CDC9D84B2C8F3F9000BD194A /* TestTaskAvitoUIKit */,
			);
		};
/* End PBXProject section */

/* Begin PBXResourcesBuildPhase section */
		CDC9D84A2C8F3F9000BD194A /* Resources */ = {
			isa = PBXResourcesBuildPhase;
			buildActionMask = 2147483647;
			files = (
				CDC9D8592C8F3F9200BD194A /* Assets.xcassets in Resources */,
				CDC9D85C2C8F3F9200BD194A /* Base in Resources */,
				CDC9D8572C8F3F9000BD194A /* Base in Resources */,
			);
			runOnlyForDeploymentPostprocessing = 0;
		};
/* End PBXResourcesBuildPhase section */

/* Begin PBXSourcesBuildPhase section */
		CDC9D8482C8F3F9000BD194A /* Sources */ = {
			isa = PBXSourcesBuildPhase;
			buildActionMask = 2147483647;
			files = (
				CDCD6FC12C9055860052C08B /* SearchViewController.swift in Sources */,
				CDCD6FCD2C921CBB0052C08B /* MovieDetailsViewController.swift in Sources */,
				CDC9D8542C8F3F9000BD194A /* ViewController.swift in Sources */,
				CDC9D8502C8F3F9000BD194A /* AppDelegate.swift in Sources */,
				CDCD6FC32C9055970052C08B /* DetailViewController.swift in Sources */,
				CDCD6FC52C9055A40052C08B /* UnsplashAPI.swift in Sources */,
				CDCD6FC92C921C460052C08B /* MovieCellView.swift in Sources */,
				CDC9D8522C8F3F9000BD194A /* SceneDelegate.swift in Sources */,
			);
			runOnlyForDeploymentPostprocessing = 0;
		};
/* End PBXSourcesBuildPhase section */

/* Begin PBXVariantGroup section */
		CDC9D8552C8F3F9000BD194A /* Main.storyboard */ = {
			isa = PBXVariantGroup;
			children = (
				CDC9D8562C8F3F9000BD194A /* Base */,
			);
			name = Main.storyboard;
			sourceTree = "<group>";
		};
		CDC9D85A2C8F3F9200BD194A /* LaunchScreen.storyboard */ = {
			isa = PBXVariantGroup;
			children = (
				CDC9D85B2C8F3F9200BD194A /* Base */,
			);
			name = LaunchScreen.storyboard;
			sourceTree = "<group>";
		};
/* End PBXVariantGroup section */

/* Begin XCBuildConfiguration section */
		CDC9D85E2C8F3F9200BD194A /* Debug */ = {
			isa = XCBuildConfiguration;
			buildSettings = {
				ALWAYS_SEARCH_USER_PATHS = NO;
				ASSETCATALOG_COMPILER_GENERATE_SWIFT_ASSET_SYMBOL_EXTENSIONS = YES;
				CLANG_ANALYZER_NONNULL = YES;
				CLANG_ANALYZER_NUMBER_OBJECT_CONVERSION = YES_AGGRESSIVE;
				CLANG_CXX_LANGUAGE_STANDARD = "gnu++20";
				CLANG_ENABLE_MODULES = YES;
				CLANG_ENABLE_OBJC_ARC = YES;
				CLANG_ENABLE_OBJC_WEAK = YES;
				CLANG_WARN_BLOCK_CAPTURE_AUTORELEASING = YES;
				CLANG_WARN_BOOL_CONVERSION = YES;
				CLANG_WARN_COMMA = YES;
				CLANG_WARN_CONSTANT_CONVERSION = YES;
				CLANG_WARN_DEPRECATED_OBJC_IMPLEMENTATIONS = YES;
				CLANG_WARN_DIRECT_OBJC_ISA_USAGE = YES_ERROR;
				CLANG_WARN_DOCUMENTATION_COMMENTS = YES;
				CLANG_WARN_EMPTY_BODY = YES;
				CLANG_WARN_ENUM_CONVERSION = YES;
				CLANG_WARN_INFINITE_RECURSION = YES;
				CLANG_WARN_INT_CONVERSION = YES;
				CLANG_WARN_NON_LITERAL_NULL_CONVERSION = YES;
				CLANG_WARN_OBJC_IMPLICIT_RETAIN_SELF = YES;
				CLANG_WARN_OBJC_LITERAL_CONVERSION = YES;
				CLANG_WARN_OBJC_ROOT_CLASS = YES_ERROR;
				CLANG_WARN_QUOTED_INCLUDE_IN_FRAMEWORK_HEADER = YES;
				CLANG_WARN_RANGE_LOOP_ANALYSIS = YES;
				CLANG_WARN_STRICT_PROTOTYPES = YES;
				CLANG_WARN_SUSPICIOUS_MOVE = YES;
				CLANG_WARN_UNGUARDED_AVAILABILITY = YES_AGGRESSIVE;
				CLANG_WARN_UNREACHABLE_CODE = YES;
				CLANG_WARN__DUPLICATE_METHOD_MATCH = YES;
				COPY_PHASE_STRIP = NO;
				DEBUG_INFORMATION_FORMAT = dwarf;
				ENABLE_STRICT_OBJC_MSGSEND = YES;
				ENABLE_TESTABILITY = YES;
				ENABLE_USER_SCRIPT_SANDBOXING = YES;
				GCC_C_LANGUAGE_STANDARD = gnu17;
				GCC_DYNAMIC_NO_PIC = NO;
				GCC_NO_COMMON_BLOCKS = YES;
				GCC_OPTIMIZATION_LEVEL = 0;
				GCC_PREPROCESSOR_DEFINITIONS = (
					"DEBUG=1",
					"$(inherited)",
				);
				GCC_WARN_64_TO_32_BIT_CONVERSION = YES;
				GCC_WARN_ABOUT_RETURN_TYPE = YES_ERROR;
				GCC_WARN_UNDECLARED_SELECTOR = YES;
				GCC_WARN_UNINITIALIZED_AUTOS = YES_AGGRESSIVE;
				GCC_WARN_UNUSED_FUNCTION = YES;
				GCC_WARN_UNUSED_VARIABLE = YES;
				IPHONEOS_DEPLOYMENT_TARGET = 17.4;
				LOCALIZATION_PREFERS_STRING_CATALOGS = YES;
				MTL_ENABLE_DEBUG_INFO = INCLUDE_SOURCE;
				MTL_FAST_MATH = YES;
				ONLY_ACTIVE_ARCH = YES;
				SDKROOT = iphoneos;
				SWIFT_ACTIVE_COMPILATION_CONDITIONS = "DEBUG $(inherited)";
				SWIFT_OPTIMIZATION_LEVEL = "-Onone";
			};
			name = Debug;
		};
		CDC9D85F2C8F3F9200BD194A /* Release */ = {
			isa = XCBuildConfiguration;
			buildSettings = {
				ALWAYS_SEARCH_USER_PATHS = NO;
				ASSETCATALOG_COMPILER_GENERATE_SWIFT_ASSET_SYMBOL_EXTENSIONS = YES;
				CLANG_ANALYZER_NONNULL = YES;
				CLANG_ANALYZER_NUMBER_OBJECT_CONVERSION = YES_AGGRESSIVE;
				CLANG_CXX_LANGUAGE_STANDARD = "gnu++20";
				CLANG_ENABLE_MODULES = YES;
				CLANG_ENABLE_OBJC_ARC = YES;
				CLANG_ENABLE_OBJC_WEAK = YES;
				CLANG_WARN_BLOCK_CAPTURE_AUTORELEASING = YES;
				CLANG_WARN_BOOL_CONVERSION = YES;
				CLANG_WARN_COMMA = YES;
				CLANG_WARN_CONSTANT_CONVERSION = YES;
				CLANG_WARN_DEPRECATED_OBJC_IMPLEMENTATIONS = YES;
				CLANG_WARN_DIRECT_OBJC_ISA_USAGE = YES_ERROR;
				CLANG_WARN_DOCUMENTATION_COMMENTS = YES;
				CLANG_WARN_EMPTY_BODY = YES;
				CLANG_WARN_ENUM_CONVERSION = YES;
				CLANG_WARN_INFINITE_RECURSION = YES;
				CLANG_WARN_INT_CONVERSION = YES;
				CLANG_WARN_NON_LITERAL_NULL_CONVERSION = YES;
				CLANG_WARN_OBJC_IMPLICIT_RETAIN_SELF = YES;
				CLANG_WARN_OBJC_LITERAL_CONVERSION = YES;
				CLANG_WARN_OBJC_ROOT_CLASS = YES_ERROR;
				CLANG_WARN_QUOTED_INCLUDE_IN_FRAMEWORK_HEADER = YES;
				CLANG_WARN_RANGE_LOOP_ANALYSIS = YES;
				CLANG_WARN_STRICT_PROTOTYPES = YES;
				CLANG_WARN_SUSPICIOUS_MOVE = YES;
				CLANG_WARN_UNGUARDED_AVAILABILITY = YES_AGGRESSIVE;
				CLANG_WARN_UNREACHABLE_CODE = YES;
				CLANG_WARN__DUPLICATE_METHOD_MATCH = YES;
				COPY_PHASE_STRIP = NO;
				DEBUG_INFORMATION_FORMAT = "dwarf-with-dsym";
				ENABLE_NS_ASSERTIONS = NO;
				ENABLE_STRICT_OBJC_MSGSEND = YES;
				ENABLE_USER_SCRIPT_SANDBOXING = YES;
				GCC_C_LANGUAGE_STANDARD = gnu17;
				GCC_NO_COMMON_BLOCKS = YES;
				GCC_WARN_64_TO_32_BIT_CONVERSION = YES;
				GCC_WARN_ABOUT_RETURN_TYPE = YES_ERROR;
				GCC_WARN_UNDECLARED_SELECTOR = YES;
				GCC_WARN_UNINITIALIZED_AUTOS = YES_AGGRESSIVE;
				GCC_WARN_UNUSED_FUNCTION = YES;
				GCC_WARN_UNUSED_VARIABLE = YES;
				IPHONEOS_DEPLOYMENT_TARGET = 17.4;
				LOCALIZATION_PREFERS_STRING_CATALOGS = YES;
				MTL_ENABLE_DEBUG_INFO = NO;
				MTL_FAST_MATH = YES;
				SDKROOT = iphoneos;
				SWIFT_COMPILATION_MODE = wholemodule;
				VALIDATE_PRODUCT = YES;
			};
			name = Release;
		};
		CDC9D8612C8F3F9200BD194A /* Debug */ = {
			isa = XCBuildConfiguration;
			buildSettings = {
				ASSETCATALOG_COMPILER_APPICON_NAME = AppIcon;
				ASSETCATALOG_COMPILER_GLOBAL_ACCENT_COLOR_NAME = AccentColor;
				CODE_SIGN_STYLE = Automatic;
				CURRENT_PROJECT_VERSION = 1;
				DEVELOPMENT_TEAM = HN9GG893K9;
				GENERATE_INFOPLIST_FILE = YES;
				INFOPLIST_FILE = TestTaskAvitoUIKit/Info.plist;
				INFOPLIST_KEY_UIApplicationSupportsIndirectInputEvents = YES;
				INFOPLIST_KEY_UILaunchStoryboardName = LaunchScreen;
				INFOPLIST_KEY_UIMainStoryboardFile = Main;
				INFOPLIST_KEY_UISupportedInterfaceOrientations_iPad = "UIInterfaceOrientationPortrait UIInterfaceOrientationPortraitUpsideDown UIInterfaceOrientationLandscapeLeft UIInterfaceOrientationLandscapeRight";
				INFOPLIST_KEY_UISupportedInterfaceOrientations_iPhone = "UIInterfaceOrientationPortrait UIInterfaceOrientationLandscapeLeft UIInterfaceOrientationLandscapeRight";
				LD_RUNPATH_SEARCH_PATHS = (
					"$(inherited)",
					"@executable_path/Frameworks",
				);
				MARKETING_VERSION = 1.0;
				PRODUCT_BUNDLE_IDENTIFIER = com.denysooz.TestTaskAvitoUIKit;
				PRODUCT_NAME = "$(TARGET_NAME)";
				SWIFT_EMIT_LOC_STRINGS = YES;
				SWIFT_VERSION = 5.0;
				TARGETED_DEVICE_FAMILY = "1,2";
			};
			name = Debug;
		};
		CDC9D8622C8F3F9200BD194A /* Release */ = {
			isa = XCBuildConfiguration;
			buildSettings = {
				ASSETCATALOG_COMPILER_APPICON_NAME = AppIcon;
				ASSETCATALOG_COMPILER_GLOBAL_ACCENT_COLOR_NAME = AccentColor;
				CODE_SIGN_STYLE = Automatic;
				CURRENT_PROJECT_VERSION = 1;
				DEVELOPMENT_TEAM = HN9GG893K9;
				GENERATE_INFOPLIST_FILE = YES;
				INFOPLIST_FILE = TestTaskAvitoUIKit/Info.plist;
				INFOPLIST_KEY_UIApplicationSupportsIndirectInputEvents = YES;
				INFOPLIST_KEY_UILaunchStoryboardName = LaunchScreen;
				INFOPLIST_KEY_UIMainStoryboardFile = Main;
				INFOPLIST_KEY_UISupportedInterfaceOrientations_iPad = "UIInterfaceOrientationPortrait UIInterfaceOrientationPortraitUpsideDown UIInterfaceOrientationLandscapeLeft UIInterfaceOrientationLandscapeRight";
				INFOPLIST_KEY_UISupportedInterfaceOrientations_iPhone = "UIInterfaceOrientationPortrait UIInterfaceOrientationLandscapeLeft UIInterfaceOrientationLandscapeRight";
				LD_RUNPATH_SEARCH_PATHS = (
					"$(inherited)",
					"@executable_path/Frameworks",
				);
				MARKETING_VERSION = 1.0;
				PRODUCT_BUNDLE_IDENTIFIER = com.denysooz.TestTaskAvitoUIKit;
				PRODUCT_NAME = "$(TARGET_NAME)";
				SWIFT_EMIT_LOC_STRINGS = YES;
				SWIFT_VERSION = 5.0;
				TARGETED_DEVICE_FAMILY = "1,2";
			};
			name = Release;
		};
/* End XCBuildConfiguration section */

/* Begin XCConfigurationList section */
		CDC9D8472C8F3F9000BD194A /* Build configuration list for PBXProject "TestTaskAvitoUIKit" */ = {
			isa = XCConfigurationList;
			buildConfigurations = (
				CDC9D85E2C8F3F9200BD194A /* Debug */,
				CDC9D85F2C8F3F9200BD194A /* Release */,
			);
			defaultConfigurationIsVisible = 0;
			defaultConfigurationName = Release;
		};
		CDC9D8602C8F3F9200BD194A /* Build configuration list for PBXNativeTarget "TestTaskAvitoUIKit" */ = {
			isa = XCConfigurationList;
			buildConfigurations = (
				CDC9D8612C8F3F9200BD194A /* Debug */,
				CDC9D8622C8F3F9200BD194A /* Release */,
			);
			defaultConfigurationIsVisible = 0;
			defaultConfigurationName = Release;
		};
/* End XCConfigurationList section */
	};
	rootObject = CDC9D8442C8F3F9000BD194A /* Project object */;
}
